
Microsoft Visual Studio Solution File, Format Version 12.00
# Visual Studio Version 17
VisualStudioVersion = 17.2.32630.192
MinimumVisualStudioVersion = 10.0.40219.1
Project("{9A19103F-16F7-4668-BE54-9A1E7A4F7556}") = "ConsoleGame", "Snake\ConsoleGame.csproj", "{46998104-26E2-4251-9E41-B3AFCED6DD01}"
EndProject
Project("{9A19103F-16F7-4668-BE54-9A1E7A4F7556}") = "SnakeEngine", "SnakeEngine\SnakeEngine.csproj", "{885FE751-3C27-4432-A515-DA9D04214A63}"
EndProject
Project("{9A19103F-16F7-4668-BE54-9A1E7A4F7556}") = "Tests", "Tests\Tests.csproj", "{FB69BAFA-DA9E-4BE6-A5BF-7BE322FB7B6E}"
EndProject
Global
	GlobalSection(SolutionConfigurationPlatforms) = preSolution
		Debug|Any CPU = Debug|Any CPU
		Release|Any CPU = Release|Any CPU
	EndGlobalSection
	GlobalSection(ProjectConfigurationPlatforms) = postSolution
		{46998104-26E2-4251-9E41-B3AFCED6DD01}.Debug|Any CPU.ActiveCfg = Debug|Any CPU
		{46998104-26E2-4251-9E41-B3AFCED6DD01}.Debug|Any CPU.Build.0 = Debug|Any CPU
		{46998104-26E2-4251-9E41-B3AFCED6DD01}.Release|Any CPU.ActiveCfg = Release|Any CPU
		{46998104-26E2-4251-9E41-B3AFCED6DD01}.Release|Any CPU.Build.0 = Release|Any CPU
		{885FE751-3C27-4432-A515-DA9D04214A63}.Debug|Any CPU.ActiveCfg = Debug|Any CPU
		{885FE751-3C27-4432-A515-DA9D04214A63}.Debug|Any CPU.Build.0 = Debug|Any CPU
		{885FE751-3C27-4432-A515-DA9D04214A63}.Release|Any CPU.ActiveCfg = Release|Any CPU
		{885FE751-3C27-4432-A515-DA9D04214A63}.Release|Any CPU.Build.0 = Release|Any CPU
		{FB69BAFA-DA9E-4BE6-A5BF-7BE322FB7B6E}.Debug|Any CPU.ActiveCfg = Debug|Any CPU
		{FB69BAFA-DA9E-4BE6-A5BF-7BE322FB7B6E}.Debug|Any CPU.Build.0 = Debug|Any CPU
		{FB69BAFA-DA9E-4BE6-A5BF-7BE322FB7B6E}.Release|Any CPU.ActiveCfg = Release|Any CPU
		{FB69BAFA-DA9E-4BE6-A5BF-7BE322FB7B6E}.Release|Any CPU.Build.0 = Release|Any CPU
	EndGlobalSection
	GlobalSection(SolutionProperties) = preSolution
		HideSolutionNode = FALSE
	EndGlobalSection
	GlobalSection(ExtensibilityGlobals) = postSolution
		SolutionGuid = {D25D317E-3650-4D1D-818B-19C8E564E139}
	EndGlobalSection
EndGlobal
